
Microsoft Visual Studio Solution File, Format Version 12.00
# Visual Studio Version 17
VisualStudioVersion = 17.2.32526.322
MinimumVisualStudioVersion = 10.0.40219.1
Project("{00D1A9C2-B5F0-4AF3-8072-F6C62B433612}") = "ResponseSql", "ResponseSql\ResponseSql.sqlproj", "{0F7F9951-1F15-4572-9DF8-A5AA0960F3A1}"
EndProject
Global
	GlobalSection(SolutionConfigurationPlatforms) = preSolution
		Debug|Any CPU = Debug|Any CPU
		Release|Any CPU = Release|Any CPU
	EndGlobalSection
	GlobalSection(ProjectConfigurationPlatforms) = postSolution
		{0F7F9951-1F15-4572-9DF8-A5AA0960F3A1}.Debug|Any CPU.ActiveCfg = Debug|Any CPU
		{0F7F9951-1F15-4572-9DF8-A5AA0960F3A1}.Debug|Any CPU.Build.0 = Debug|Any CPU
		{0F7F9951-1F15-4572-9DF8-A5AA0960F3A1}.Debug|Any CPU.Deploy.0 = Debug|Any CPU
		{0F7F9951-1F15-4572-9DF8-A5AA0960F3A1}.Release|Any CPU.ActiveCfg = Release|Any CPU
		{0F7F9951-1F15-4572-9DF8-A5AA0960F3A1}.Release|Any CPU.Build.0 = Release|Any CPU
		{0F7F9951-1F15-4572-9DF8-A5AA0960F3A1}.Release|Any CPU.Deploy.0 = Release|Any CPU
	EndGlobalSection
	GlobalSection(SolutionProperties) = preSolution
		HideSolutionNode = FALSE
	EndGlobalSection
	GlobalSection(ExtensibilityGlobals) = postSolution
		SolutionGuid = {AD195E9D-1C7F-4C68-982E-234196FAAC5F}
	EndGlobalSection
EndGlobal
